
Microsoft Visual Studio Solution File, Format Version 12.00
# Visual Studio Version 17
VisualStudioVersion = 17.9.34902.65
MinimumVisualStudioVersion = 10.0.40219.1
Project("{9A19103F-16F7-4668-BE54-9A1E7A4F7556}") = "Hangman.UI", "Hangman.UI\Hangman.UI.csproj", "{8C7C30E4-4BBD-4674-9696-CD813ECE8ECE}"
EndProject
Project("{FAE04EC0-301F-11D3-BF4B-00C04F79EFBC}") = "Hangman.Services", "Hangman.Services\Hangman.Services.csproj", "{1BA6C5E6-A353-4776-8942-AD1FEAD585AB}"
EndProject
Project("{9A19103F-16F7-4668-BE54-9A1E7A4F7556}") = "Hangman.Adapters", "Hangman.Adapters\Hangman.Adapters.csproj", "{F6FBA298-0CCB-4A01-A859-C7C649361F7B}"
EndProject
Project("{FAE04EC0-301F-11D3-BF4B-00C04F79EFBC}") = "Hangman.ServerSocket", "Hangman.ServerSocket\Hangman.ServerSocket.csproj", "{A9286EA6-38BA-4586-BE6E-02CFECE18684}"
EndProject
Global
	GlobalSection(SolutionConfigurationPlatforms) = preSolution
		Debug|Any CPU = Debug|Any CPU
		Release|Any CPU = Release|Any CPU
	EndGlobalSection
	GlobalSection(ProjectConfigurationPlatforms) = postSolution
		{8C7C30E4-4BBD-4674-9696-CD813ECE8ECE}.Debug|Any CPU.ActiveCfg = Debug|Any CPU
		{8C7C30E4-4BBD-4674-9696-CD813ECE8ECE}.Debug|Any CPU.Build.0 = Debug|Any CPU
		{8C7C30E4-4BBD-4674-9696-CD813ECE8ECE}.Release|Any CPU.ActiveCfg = Release|Any CPU
		{8C7C30E4-4BBD-4674-9696-CD813ECE8ECE}.Release|Any CPU.Build.0 = Release|Any CPU
		{1BA6C5E6-A353-4776-8942-AD1FEAD585AB}.Debug|Any CPU.ActiveCfg = Debug|Any CPU
		{1BA6C5E6-A353-4776-8942-AD1FEAD585AB}.Debug|Any CPU.Build.0 = Debug|Any CPU
		{1BA6C5E6-A353-4776-8942-AD1FEAD585AB}.Release|Any CPU.ActiveCfg = Release|Any CPU
		{1BA6C5E6-A353-4776-8942-AD1FEAD585AB}.Release|Any CPU.Build.0 = Release|Any CPU
		{F6FBA298-0CCB-4A01-A859-C7C649361F7B}.Debug|Any CPU.ActiveCfg = Debug|Any CPU
		{F6FBA298-0CCB-4A01-A859-C7C649361F7B}.Debug|Any CPU.Build.0 = Debug|Any CPU
		{F6FBA298-0CCB-4A01-A859-C7C649361F7B}.Release|Any CPU.ActiveCfg = Release|Any CPU
		{F6FBA298-0CCB-4A01-A859-C7C649361F7B}.Release|Any CPU.Build.0 = Release|Any CPU
		{A9286EA6-38BA-4586-BE6E-02CFECE18684}.Debug|Any CPU.ActiveCfg = Debug|Any CPU
		{A9286EA6-38BA-4586-BE6E-02CFECE18684}.Debug|Any CPU.Build.0 = Debug|Any CPU
		{A9286EA6-38BA-4586-BE6E-02CFECE18684}.Release|Any CPU.ActiveCfg = Release|Any CPU
		{A9286EA6-38BA-4586-BE6E-02CFECE18684}.Release|Any CPU.Build.0 = Release|Any CPU
	EndGlobalSection
	GlobalSection(SolutionProperties) = preSolution
		HideSolutionNode = FALSE
	EndGlobalSection
	GlobalSection(ExtensibilityGlobals) = postSolution
		SolutionGuid = {9BBFFE35-3114-415C-BDDF-7D6196EFE7AE}
	EndGlobalSection
EndGlobal
